Microsoft Visual Studio Solution File, Format Version 12.00
# Visual Studio 2012
Project("{FAE04EC0-301F-11D3-BF4B-00C04F79EFBC}") = "プロトタイプ", "プロトタイプ.csproj", "{FA4B4E91-A404-415F-B695-9B5762D04C50}"
EndProject
Global
	GlobalSection(SolutionConfigurationPlatforms) = preSolution
	Debug|Any CPU = Debug|Any CPU
	ExportDebug|Any CPU = ExportDebug|Any CPU
	ExportRelease|Any CPU = ExportRelease|Any CPU
	EndGlobalSection
	GlobalSection(ProjectConfigurationPlatforms) = postSolution
		{FA4B4E91-A404-415F-B695-9B5762D04C50}.Debug|Any CPU.ActiveCfg = Debug|Any CPU
		{FA4B4E91-A404-415F-B695-9B5762D04C50}.Debug|Any CPU.Build.0 = Debug|Any CPU
		{FA4B4E91-A404-415F-B695-9B5762D04C50}.ExportDebug|Any CPU.ActiveCfg = ExportDebug|Any CPU
		{FA4B4E91-A404-415F-B695-9B5762D04C50}.ExportDebug|Any CPU.Build.0 = ExportDebug|Any CPU
		{FA4B4E91-A404-415F-B695-9B5762D04C50}.ExportRelease|Any CPU.ActiveCfg = ExportRelease|Any CPU
		{FA4B4E91-A404-415F-B695-9B5762D04C50}.ExportRelease|Any CPU.Build.0 = ExportRelease|Any CPU
	EndGlobalSection
EndGlobal
